{
  "originHash" : "6babeff16ea2052a67494e3d3cdf08d61dc4038a78e9e9f178f46a78a9a7fa1a",
  "pins" : [
    {
      "identity" : "fxpagecontrol",
      "kind" : "remoteSourceControl",
      "location" : "https://github.com/nicklockwood/FXPageControl.git",
      "state" : {
        "revision" : "a94633402ba98c52f86c2a70e61ff086dec9de78",
        "version" : "1.6.0"
      }
    },
    {
      "identity" : "xlpagertabstrip",
      "kind" : "remoteSourceControl",
      "location" : "https://github.com/xmartlabs/XLPagerTabStrip.git",
      "state" : {
        "revision" : "211ed62aa376722cf93c429802a8b6ff66a8bd52",
        "version" : "9.1.0"
      }
    }
  ],
  "version" : 3
}
